{"is_source_file": false, "format": "", "description": "", "external_files": [], "external_methods": [], "published": [], "classes": [], "methods": [], "calls": [], "search-terms": [], "state": 2, "file_id": 9, "knowledge_revision": 27, "git_revision": "86cded30f3b88a782a0c4ad2c19bb73f876016e3", "hash": "9c4ed7ef73e22b872b8055bec08b8979", "format-version": 4, "code-base-name": "default", "filename": "type_master_web_app/post_process_status.lock", "revision_history": [{"27": "86cded30f3b88a782a0c4ad2c19bb73f876016e3"}]}